
Microsoft Visual Studio Solution File, Format Version 12.00
# Visual Studio Version 16
VisualStudioVersion = 16.0.32126.315
MinimumVisualStudioVersion = 10.0.40219.1
Project("{FAE04EC0-301F-11D3-BF4B-00C04F79EFBC}") = "Bulletz", "Bulletz.csproj", "{D91BAD91-51F1-4B32-86A2-4C9AD57CE399}"
EndProject
Global
	GlobalSection(SolutionConfigurationPlatforms) = preSolution
		Debug|Any CPU = Debug|Any CPU
		Release|Any CPU = Release|Any CPU
	EndGlobalSection
	GlobalSection(ProjectConfigurationPlatforms) = postSolution
		{D91BAD91-51F1-4B32-86A2-4C9AD57CE399}.Debug|Any CPU.ActiveCfg = Debug|Any CPU
		{D91BAD91-51F1-4B32-86A2-4C9AD57CE399}.Debug|Any CPU.Build.0 = Debug|Any CPU
		{D91BAD91-51F1-4B32-86A2-4C9AD57CE399}.Release|Any CPU.ActiveCfg = Release|Any CPU
		{D91BAD91-51F1-4B32-86A2-4C9AD57CE399}.Release|Any CPU.Build.0 = Release|Any CPU
	EndGlobalSection
	GlobalSection(SolutionProperties) = preSolution
		HideSolutionNode = FALSE
	EndGlobalSection
	GlobalSection(ExtensibilityGlobals) = postSolution
		SolutionGuid = {BA19D2F9-A8B6-4BF2-9138-29BC1EB8E717}
	EndGlobalSection
EndGlobal
